{
  "version": 4,
  "terraform_version": "0.14.7",
  "serial": 355,
  "lineage": "390af8aa-ce4e-7e97-1a8c-bccdb797300f",
  "outputs": {
    "id": {
      "value": "/subscriptions/556b3479-49e0-4048-ace9-9b100efe5b6d/resourceGroups/rg-raphd",
      "type": "string"
    },
    "sas_url_string": {
      "value": "?sv=2017-07-29\u0026ss=bqtf\u0026srt=sco\u0026sp=rwdlacup\u0026se=2022-04-21\u0026st=2022-04-07\u0026spr=https\u0026sig=pExAGlDVrLzRt8pHrazRsJTvO4hMSFW8J4f3bSjsw5M%3D",
      "type": "string"
    }
  },
  "resources": [
    {
      "mode": "data",
      "type": "azuread_client_config",
      "name": "current",
      "provider": "provider[\"registry.terraform.io/hashicorp/azuread\"]",
      "instances": [
        {
          "schema_version": 0,
          "attributes": {
            "client_id": "04b07795-8ddb-461a-bbee-02f9e1bf7b46",
            "id": "fbd5b602-423c-4722-be67-8382bc9dc8fa-04b07795-8ddb-461a-bbee-02f9e1bf7b46-fecd2093-0abd-47ec-9fce-c64349383fc7",
            "object_id": "fecd2093-0abd-47ec-9fce-c64349383fc7",
            "tenant_id": "fbd5b602-423c-4722-be67-8382bc9dc8fa",
            "timeouts": null
          },
          "sensitive_attributes": []
        }
      ]
    },
    {
      "mode": "data",
      "type": "azuread_group",
      "name": "ad",
      "provider": "provider[\"registry.terraform.io/hashicorp/azuread\"]",
      "instances": [
        {
          "schema_version": 0,
          "attributes": {
            "assignable_to_role": false,
            "auto_subscribe_new_members": false,
            "behaviors": [],
            "description": "",
            "display_name": "group_studient",
            "dynamic_membership": [],
            "external_senders_allowed": false,
            "hide_from_address_lists": false,
            "hide_from_outlook_clients": false,
            "id": "9e617f25-7ca3-428e-900d-1d24c7d61271",
            "mail": "",
            "mail_enabled": false,
            "mail_nickname": "f56f5923-c",
            "members": [
              "2cc403a2-f9c1-4a09-94dd-a9595f0deab8",
              "d9791205-71ac-4643-88f0-6b867f8041e2",
              "6698df02-3e57-4f3e-976f-8dc5f7fce8f0",
              "fecd2093-0abd-47ec-9fce-c64349383fc7",
              "ffc0fc70-f403-4145-859e-c4aae0234fbb"
            ],
            "object_id": "9e617f25-7ca3-428e-900d-1d24c7d61271",
            "onpremises_domain_name": "",
            "onpremises_netbios_name": "",
            "onpremises_sam_account_name": "",
            "onpremises_security_identifier": "",
            "onpremises_sync_enabled": false,
            "owners": [
              "2cc403a2-f9c1-4a09-94dd-a9595f0deab8"
            ],
            "preferred_language": "",
            "provisioning_options": [],
            "proxy_addresses": [],
            "security_enabled": true,
            "theme": "",
            "timeouts": null,
            "types": [],
            "visibility": ""
          },
          "sensitive_attributes": []
        }
      ]
    },
    {
      "mode": "data",
      "type": "azurerm_client_config",
      "name": "current",
      "provider": "provider[\"registry.terraform.io/hashicorp/azurerm\"]",
      "instances": [
        {
          "schema_version": 0,
          "attributes": {
            "client_id": "04b07795-8ddb-461a-bbee-02f9e1bf7b46",
            "id": "2022-04-07 15:06:05.6986979 +0000 UTC",
            "object_id": "fecd2093-0abd-47ec-9fce-c64349383fc7",
            "subscription_id": "556b3479-49e0-4048-ace9-9b100efe5b6d",
            "tenant_id": "fbd5b602-423c-4722-be67-8382bc9dc8fa",
            "timeouts": null
          },
          "sensitive_attributes": []
        }
      ]
    },
    {
      "mode": "data",
      "type": "azurerm_resource_group",
      "name": "rg-raphd",
      "provider": "provider[\"registry.terraform.io/hashicorp/azurerm\"]",
      "instances": [
        {
          "schema_version": 0,
          "attributes": {
            "id": "/subscriptions/556b3479-49e0-4048-ace9-9b100efe5b6d/resourceGroups/rg-raphd",
            "location": "westeurope",
            "name": "rg-raphd",
            "tags": {},
            "timeouts": null
          },
          "sensitive_attributes": []
        }
      ]
    },
    {
      "mode": "data",
      "type": "azurerm_storage_account_sas",
      "name": "myriamhsaskey",
      "provider": "provider[\"registry.terraform.io/hashicorp/azurerm\"]",
      "instances": [
        {
          "schema_version": 0,
          "attributes": {
            "connection_string": "DefaultEndpointsProtocol=https;AccountName=storageaccountmyriamh;AccountKey=R6tB90F4S/S6STMdJN75t4ZDJpN5dqrb6LkyO7UHMGwjTv3zvx3TDXZ7eEdSPm8ry+h1AKXmwW6wqeR9T2xl3w==;EndpointSuffix=core.windows.net",
            "expiry": "2022-04-21",
            "https_only": true,
            "id": "6d0c4f751930d4fd052d8d83f9e819431332156e7775cf9f260e82df1fbfb5a9",
            "ip_addresses": null,
            "permissions": [
              {
                "add": true,
                "create": true,
                "delete": true,
                "list": true,
                "process": true,
                "read": true,
                "update": true,
                "write": true
              }
            ],
            "resource_types": [
              {
                "container": true,
                "object": true,
                "service": true
              }
            ],
            "sas": "?sv=2017-07-29\u0026ss=bqtf\u0026srt=sco\u0026sp=rwdlacup\u0026se=2022-04-21\u0026st=2022-04-07\u0026spr=https\u0026sig=pExAGlDVrLzRt8pHrazRsJTvO4hMSFW8J4f3bSjsw5M%3D",
            "services": [
              {
                "blob": true,
                "file": true,
                "queue": true,
                "table": true
              }
            ],
            "signed_version": "2017-07-29",
            "start": "2022-04-07",
            "timeouts": null
          },
          "sensitive_attributes": []
        }
      ]
    },
    {
      "mode": "data",
      "type": "azurerm_subscription",
      "name": "primary",
      "provider": "provider[\"registry.terraform.io/hashicorp/azurerm\"]",
      "instances": [
        {
          "schema_version": 0,
          "attributes": {
            "display_name": "Subscription",
            "id": "/subscriptions/556b3479-49e0-4048-ace9-9b100efe5b6d",
            "location_placement_id": "Public_2014-09-01",
            "quota_id": "MSDN_2014-09-01",
            "spending_limit": "On",
            "state": "Enabled",
            "subscription_id": "556b3479-49e0-4048-ace9-9b100efe5b6d",
            "tags": {},
            "tenant_id": "fbd5b602-423c-4722-be67-8382bc9dc8fa",
            "timeouts": null
          },
          "sensitive_attributes": []
        }
      ]
    },
    {
      "mode": "managed",
      "type": "azuread_user",
      "name": "AAD",
      "provider": "provider[\"registry.terraform.io/hashicorp/azuread\"]",
      "instances": [
        {
          "schema_version": 0,
          "attributes": {
            "about_me": "",
            "account_enabled": true,
            "age_group": "",
            "business_phones": [],
            "city": "",
            "company_name": "",
            "consent_provided_for_minor": "",
            "cost_center": "",
            "country": "",
            "creation_type": "",
            "department": "",
            "disable_password_expiration": false,
            "disable_strong_password": false,
            "display_name": "H. Myriam",
            "division": "",
            "employee_id": "",
            "employee_type": "",
            "external_user_state": "",
            "fax_number": "",
            "force_password_change": false,
            "given_name": "",
            "id": "6ec3a7f1-e49b-4a34-ac49-522857c8b93d",
            "im_addresses": [],
            "job_title": "",
            "mail": "",
            "mail_nickname": "hmyriam",
            "manager_id": "",
            "mobile_phone": "",
            "object_id": "6ec3a7f1-e49b-4a34-ac49-522857c8b93d",
            "office_location": "",
            "onpremises_distinguished_name": "",
            "onpremises_domain_name": "",
            "onpremises_immutable_id": "",
            "onpremises_sam_account_name": "",
            "onpremises_security_identifier": "",
            "onpremises_sync_enabled": false,
            "onpremises_user_principal_name": "",
            "other_mails": [],
            "password": "SecretP@sswd99!",
            "postal_code": "",
            "preferred_language": "",
            "proxy_addresses": [],
            "show_in_address_list": true,
            "state": "",
            "street_address": "",
            "surname": "",
            "timeouts": null,
            "usage_location": "",
            "user_principal_name": "myriamh@deletoilleprooutlook.onmicrosoft.com",
            "user_type": "Member"
          },
          "sensitive_attributes": [],
          "private": "eyJlMmJmYjczMC1lY2FhLTExZTYtOGY4OC0zNDM2M2JjN2M0YzAiOnsiY3JlYXRlIjozMDAwMDAwMDAwMDAsImRlbGV0ZSI6MzAwMDAwMDAwMDAwLCJyZWFkIjozMDAwMDAwMDAwMDAsInVwZGF0ZSI6MzAwMDAwMDAwMDAwfX0="
        }
      ]
    },
    {
      "mode": "managed",
      "type": "azurerm_key_vault",
      "name": "key_vault",
      "provider": "provider[\"registry.terraform.io/hashicorp/azurerm\"]",
      "instances": [
        {
          "schema_version": 2,
          "attributes": {
            "access_policy": [
              {
                "application_id": "",
                "certificate_permissions": [
                  "Create",
                  "Get",
                  "Create",
                  "List"
                ],
                "key_permissions": [
                  "Create",
                  "Get",
                  "Create",
                  "List"
                ],
                "object_id": "fecd2093-0abd-47ec-9fce-c64349383fc7",
                "secret_permissions": [
                  "Set",
                  "Get",
                  "Delete",
                  "Purge",
                  "Recover"
                ],
                "storage_permissions": [],
                "tenant_id": "fbd5b602-423c-4722-be67-8382bc9dc8fa"
              }
            ],
            "contact": [],
            "enable_rbac_authorization": false,
            "enabled_for_deployment": false,
            "enabled_for_disk_encryption": false,
            "enabled_for_template_deployment": false,
            "id": "/subscriptions/556b3479-49e0-4048-ace9-9b100efe5b6d/resourceGroups/rg1-myriamh/providers/Microsoft.KeyVault/vaults/myriamhkeyvault",
            "location": "westeurope",
            "name": "myriamhkeyvault",
            "network_acls": [
              {
                "bypass": "AzureServices",
                "default_action": "Deny",
                "ip_rules": [
                  "89.84.72.169/32"
                ],
                "virtual_network_subnet_ids": [
                  "/subscriptions/556b3479-49e0-4048-ace9-9b100efe5b6d/resourceGroups/rg1-myriamh/providers/Microsoft.Network/virtualNetworks/myriamh-network/subnets/app01-snet",
                  "/subscriptions/556b3479-49e0-4048-ace9-9b100efe5b6d/resourceGroups/rg1-myriamh/providers/Microsoft.Network/virtualNetworks/myriamh-network/subnets/defaultt"
                ]
              }
            ],
            "purge_protection_enabled": false,
            "resource_group_name": "rg1-myriamh",
            "sku_name": "standard",
            "soft_delete_enabled": true,
            "soft_delete_retention_days": 30,
            "tags": {
              "createdWith": "Terraform"
            },
            "tenant_id": "fbd5b602-423c-4722-be67-8382bc9dc8fa",
            "timeouts": {
              "create": null,
              "delete": "60m",
              "read": null,
              "update": null
            },
            "vault_uri": "https://myriamhkeyvault.vault.azure.net/"
          },
          "sensitive_attributes": [],
          "private": "eyJlMmJmYjczMC1lY2FhLTExZTYtOGY4OC0zNDM2M2JjN2M0YzAiOnsiY3JlYXRlIjoxODAwMDAwMDAwMDAwLCJkZWxldGUiOjM2MDAwMDAwMDAwMDAsInJlYWQiOjMwMDAwMDAwMDAwMCwidXBkYXRlIjoxODAwMDAwMDAwMDAwfSwic2NoZW1hX3ZlcnNpb24iOiIyIn0=",
          "dependencies": [
            "azurerm_resource_group.rg",
            "azurerm_subnet.appsnet",
            "azurerm_subnet.devopssnet",
            "azurerm_virtual_network.vnet",
            "data.azurerm_client_config.current"
          ]
        }
      ]
    },
    {
      "mode": "managed",
      "type": "azurerm_log_analytics_workspace",
      "name": "law",
      "provider": "provider[\"registry.terraform.io/hashicorp/azurerm\"]",
      "instances": [
        {
          "schema_version": 2,
          "attributes": {
            "daily_quota_gb": -1,
            "id": "/subscriptions/556b3479-49e0-4048-ace9-9b100efe5b6d/resourceGroups/rg1-myriamh/providers/Microsoft.OperationalInsights/workspaces/myriamhlaw",
            "internet_ingestion_enabled": true,
            "internet_query_enabled": true,
            "location": "westeurope",
            "name": "myriamhlaw",
            "portal_url": "",
            "primary_shared_key": "JL5+rKvyXf5kamyeO+aaQkkLcTwtzW554i0mjBUU/HMSBDp3sY3H7KVXD6Wb3FUgsEncbb2++YCMBBBFlZ9fww==",
            "reservation_capcity_in_gb_per_day": null,
            "resource_group_name": "rg1-myriamh",
            "retention_in_days": 30,
            "secondary_shared_key": "dJVHoN03QnfeKCO1t83s2GySi0x4MoN+PzpxHU9sXzMMEZQW+hfvZJA5zxln0Y4k/2d39NwuC1yvWOED/Yj9xA==",
            "sku": "pergb2018",
            "tags": {},
            "timeouts": null,
            "workspace_id": "0d27b967-3015-4144-9670-19f01b84114d"
          },
          "sensitive_attributes": [],
          "private": "eyJlMmJmYjczMC1lY2FhLTExZTYtOGY4OC0zNDM2M2JjN2M0YzAiOnsiY3JlYXRlIjoxODAwMDAwMDAwMDAwLCJkZWxldGUiOjE4MDAwMDAwMDAwMDAsInJlYWQiOjMwMDAwMDAwMDAwMCwidXBkYXRlIjoxODAwMDAwMDAwMDAwfSwic2NoZW1hX3ZlcnNpb24iOiIyIn0=",
          "dependencies": [
            "azurerm_resource_group.rg"
          ]
        }
      ]
    },
    {
      "mode": "managed",
      "type": "azurerm_monitor_diagnostic_setting",
      "name": "mds",
      "provider": "provider[\"registry.terraform.io/hashicorp/azurerm\"]",
      "instances": [
        {
          "schema_version": 0,
          "attributes": {
            "eventhub_authorization_rule_id": "",
            "eventhub_name": "",
            "id": "/subscriptions/556b3479-49e0-4048-ace9-9b100efe5b6d/resourceGroups/rg1-myriamh/providers/Microsoft.KeyVault/vaults/myriamhkeyvault|myriamh-mds",
            "log": [
              {
                "category": "AuditEvent",
                "enabled": true,
                "retention_policy": [
                  {
                    "days": null,
                    "enabled": false
                  }
                ]
              }
            ],
            "log_analytics_destination_type": "",
            "log_analytics_workspace_id": "/subscriptions/556b3479-49e0-4048-ace9-9b100efe5b6d/resourceGroups/rg1-myriamh/providers/Microsoft.OperationalInsights/workspaces/myriamhlaw",
            "metric": [],
            "name": "myriamh-mds",
            "storage_account_id": "",
            "target_resource_id": "/subscriptions/556b3479-49e0-4048-ace9-9b100efe5b6d/resourceGroups/rg1-myriamh/providers/Microsoft.KeyVault/vaults/myriamhkeyvault",
            "timeouts": null
          },
          "sensitive_attributes": [],
          "private": "eyJlMmJmYjczMC1lY2FhLTExZTYtOGY4OC0zNDM2M2JjN2M0YzAiOnsiY3JlYXRlIjoxODAwMDAwMDAwMDAwLCJkZWxldGUiOjM2MDAwMDAwMDAwMDAsInJlYWQiOjMwMDAwMDAwMDAwMCwidXBkYXRlIjoxODAwMDAwMDAwMDAwfX0=",
          "dependencies": [
            "azurerm_key_vault.key_vault",
            "azurerm_log_analytics_workspace.law"
          ]
        }
      ]
    },
    {
      "mode": "managed",
      "type": "azurerm_mssql_database",
      "name": "test",
      "provider": "provider[\"registry.terraform.io/hashicorp/azurerm\"]",
      "instances": [
        {
          "schema_version": 1,
          "attributes": {
            "auto_pause_delay_in_minutes": -1,
            "collation": "SQL_Latin1_General_CP1_CI_AS",
            "create_mode": "Default",
            "creation_source_database_id": null,
            "elastic_pool_id": "",
            "extended_auditing_policy": [],
            "geo_backup_enabled": true,
            "id": "/subscriptions/556b3479-49e0-4048-ace9-9b100efe5b6d/resourceGroups/rg-raphd/providers/Microsoft.Sql/servers/myriamh-sqlserver1/databases/myriamh-db-d",
            "license_type": "",
            "long_term_retention_policy": [
              {
                "monthly_retention": "PT0S",
                "week_of_year": 0,
                "weekly_retention": "PT0S",
                "yearly_retention": "PT0S"
              }
            ],
            "max_size_gb": 2,
            "min_capacity": 0.5,
            "name": "myriamh-db-d",
            "read_replica_count": 0,
            "read_scale": false,
            "recover_database_id": null,
            "restore_dropped_database_id": null,
            "restore_point_in_time": null,
            "sample_name": null,
            "server_id": "/subscriptions/556b3479-49e0-4048-ace9-9b100efe5b6d/resourceGroups/rg-raphd/providers/Microsoft.Sql/servers/myriamh-sqlserver1",
            "short_term_retention_policy": [
              {
                "retention_days": 14
              }
            ],
            "sku_name": "GP_S_Gen5_1",
            "storage_account_type": "GRS",
            "tags": {},
            "threat_detection_policy": [
              {
                "disabled_alerts": [],
                "email_account_admins": "Disabled",
                "email_addresses": [],
                "retention_days": 0,
                "state": "Disabled",
                "storage_account_access_key": "",
                "storage_endpoint": "",
                "use_server_default": "Disabled"
              }
            ],
            "timeouts": null,
            "zone_redundant": false
          },
          "sensitive_attributes": [],
          "private": "eyJlMmJmYjczMC1lY2FhLTExZTYtOGY4OC0zNDM2M2JjN2M0YzAiOnsiY3JlYXRlIjozNjAwMDAwMDAwMDAwLCJkZWxldGUiOjM2MDAwMDAwMDAwMDAsInJlYWQiOjMwMDAwMDAwMDAwMCwidXBkYXRlIjozNjAwMDAwMDAwMDAwfSwic2NoZW1hX3ZlcnNpb24iOiIxIn0=",
          "dependencies": [
            "azurerm_mssql_server.mssql_server",
            "data.azurerm_resource_group.rg-raphd"
          ]
        }
      ]
    },
    {
      "mode": "managed",
      "type": "azurerm_mssql_server",
      "name": "mssql_server",
      "provider": "provider[\"registry.terraform.io/hashicorp/azurerm\"]",
      "instances": [
        {
          "schema_version": 0,
          "attributes": {
            "administrator_login": "4dm1n157r470r",
            "administrator_login_password": "4-v3ry-53cr37-p455w0rd",
            "azuread_administrator": [],
            "connection_policy": "Default",
            "extended_auditing_policy": [],
            "fully_qualified_domain_name": "myriamh-sqlserver1.database.windows.net",
            "id": "/subscriptions/556b3479-49e0-4048-ace9-9b100efe5b6d/resourceGroups/rg-raphd/providers/Microsoft.Sql/servers/myriamh-sqlserver1",
            "identity": [],
            "location": "westeurope",
            "minimum_tls_version": "",
            "name": "myriamh-sqlserver1",
            "public_network_access_enabled": true,
            "resource_group_name": "rg-raphd",
            "restorable_dropped_database_ids": [],
            "tags": {},
            "timeouts": null,
            "version": "12.0"
          },
          "sensitive_attributes": [],
          "private": "eyJlMmJmYjczMC1lY2FhLTExZTYtOGY4OC0zNDM2M2JjN2M0YzAiOnsiY3JlYXRlIjozNjAwMDAwMDAwMDAwLCJkZWxldGUiOjM2MDAwMDAwMDAwMDAsInJlYWQiOjMwMDAwMDAwMDAwMCwidXBkYXRlIjozNjAwMDAwMDAwMDAwfX0=",
          "dependencies": [
            "data.azurerm_resource_group.rg-raphd"
          ]
        }
      ]
    },
    {
      "mode": "managed",
      "type": "azurerm_network_interface",
      "name": "main",
      "provider": "provider[\"registry.terraform.io/hashicorp/azurerm\"]",
      "instances": [
        {
          "schema_version": 0,
          "attributes": {
            "applied_dns_servers": [],
            "dns_servers": [],
            "enable_accelerated_networking": false,
            "enable_ip_forwarding": false,
            "id": "/subscriptions/556b3479-49e0-4048-ace9-9b100efe5b6d/resourceGroups/rg1-myriamh/providers/Microsoft.Network/networkInterfaces/ni-myriamh",
            "internal_dns_name_label": "",
            "internal_domain_name_suffix": "2rnihg3bxboehcgz0mw3jm4adf.ax.internal.cloudapp.net",
            "ip_configuration": [
              {
                "name": "testconfiguration1",
                "primary": true,
                "private_ip_address": "10.0.1.4",
                "private_ip_address_allocation": "Dynamic",
                "private_ip_address_version": "IPv4",
                "public_ip_address_id": "",
                "subnet_id": "/subscriptions/556b3479-49e0-4048-ace9-9b100efe5b6d/resourceGroups/rg1-myriamh/providers/Microsoft.Network/virtualNetworks/myriamh-network/subnets/app01-snet"
              }
            ],
            "location": "westeurope",
            "mac_address": "60-45-BD-8F-EC-BA",
            "name": "ni-myriamh",
            "private_ip_address": "10.0.1.4",
            "private_ip_addresses": [
              "10.0.1.4"
            ],
            "resource_group_name": "rg1-myriamh",
            "tags": {},
            "timeouts": null,
            "virtual_machine_id": "/subscriptions/556b3479-49e0-4048-ace9-9b100efe5b6d/resourceGroups/rg1-myriamh/providers/Microsoft.Compute/virtualMachines/Server01"
          },
          "sensitive_attributes": [],
          "private": "eyJlMmJmYjczMC1lY2FhLTExZTYtOGY4OC0zNDM2M2JjN2M0YzAiOnsiY3JlYXRlIjoxODAwMDAwMDAwMDAwLCJkZWxldGUiOjE4MDAwMDAwMDAwMDAsInJlYWQiOjMwMDAwMDAwMDAwMCwidXBkYXRlIjoxODAwMDAwMDAwMDAwfX0=",
          "dependencies": [
            "azurerm_resource_group.rg",
            "azurerm_subnet.appsnet",
            "azurerm_virtual_network.vnet"
          ]
        }
      ]
    },
    {
      "mode": "managed",
      "type": "azurerm_private_endpoint",
      "name": "private_endpoint",
      "provider": "provider[\"registry.terraform.io/hashicorp/azurerm\"]",
      "instances": [
        {
          "schema_version": 0,
          "attributes": {
            "custom_dns_configs": [
              {
                "fqdn": "myriamhkeyvault.vault.azure.net",
                "ip_addresses": [
                  "10.0.1.6"
                ]
              }
            ],
            "id": "/subscriptions/556b3479-49e0-4048-ace9-9b100efe5b6d/resourceGroups/rg1-myriamh/providers/Microsoft.Network/privateEndpoints/Vault01PrivateEndpoint",
            "location": "westeurope",
            "name": "Vault01PrivateEndpoint",
            "private_dns_zone_configs": [],
            "private_dns_zone_group": [],
            "private_service_connection": [
              {
                "is_manual_connection": false,
                "name": "myriamhkeyvaultConnection",
                "private_connection_resource_alias": "",
                "private_connection_resource_id": "/subscriptions/556b3479-49e0-4048-ace9-9b100efe5b6d/resourceGroups/rg1-myriamh/providers/Microsoft.KeyVault/vaults/myriamhkeyvault",
                "private_ip_address": "10.0.1.6",
                "request_message": "",
                "subresource_names": [
                  "vault"
                ]
              }
            ],
            "resource_group_name": "rg1-myriamh",
            "subnet_id": "/subscriptions/556b3479-49e0-4048-ace9-9b100efe5b6d/resourceGroups/rg1-myriamh/providers/Microsoft.Network/virtualNetworks/myriamh-network/subnets/app01-snet",
            "tags": {
              "createdWith": "Terraform"
            },
            "timeouts": null
          },
          "sensitive_attributes": [],
          "private": "eyJlMmJmYjczMC1lY2FhLTExZTYtOGY4OC0zNDM2M2JjN2M0YzAiOnsiY3JlYXRlIjozNjAwMDAwMDAwMDAwLCJkZWxldGUiOjM2MDAwMDAwMDAwMDAsInJlYWQiOjMwMDAwMDAwMDAwMCwidXBkYXRlIjozNjAwMDAwMDAwMDAwfX0=",
          "dependencies": [
            "azurerm_key_vault.key_vault",
            "azurerm_resource_group.rg",
            "azurerm_subnet.appsnet",
            "azurerm_subnet.devopssnet",
            "azurerm_virtual_network.vnet",
            "data.azurerm_client_config.current"
          ]
        }
      ]
    },
    {
      "mode": "managed",
      "type": "azurerm_private_endpoint",
      "name": "private_endpoint_mssql",
      "provider": "provider[\"registry.terraform.io/hashicorp/azurerm\"]",
      "instances": [
        {
          "schema_version": 0,
          "attributes": {
            "custom_dns_configs": [
              {
                "fqdn": "myriamh-sqlserver1.database.windows.net",
                "ip_addresses": [
                  "10.0.1.5"
                ]
              }
            ],
            "id": "/subscriptions/556b3479-49e0-4048-ace9-9b100efe5b6d/resourceGroups/rg1-myriamh/providers/Microsoft.Network/privateEndpoints/myriamh_private_endpoint_mssql",
            "location": "westeurope",
            "name": "myriamh_private_endpoint_mssql",
            "private_dns_zone_configs": [],
            "private_dns_zone_group": [],
            "private_service_connection": [
              {
                "is_manual_connection": false,
                "name": "myriamhkeyvaultConnection",
                "private_connection_resource_alias": "",
                "private_connection_resource_id": "/subscriptions/556b3479-49e0-4048-ace9-9b100efe5b6d/resourceGroups/rg-raphd/providers/Microsoft.Sql/servers/myriamh-sqlserver1",
                "private_ip_address": "10.0.1.5",
                "request_message": "",
                "subresource_names": [
                  "sqlServer"
                ]
              }
            ],
            "resource_group_name": "rg1-myriamh",
            "subnet_id": "/subscriptions/556b3479-49e0-4048-ace9-9b100efe5b6d/resourceGroups/rg1-myriamh/providers/Microsoft.Network/virtualNetworks/myriamh-network/subnets/app01-snet",
            "tags": {
              "createdWith": "Terraform"
            },
            "timeouts": null
          },
          "sensitive_attributes": [],
          "private": "eyJlMmJmYjczMC1lY2FhLTExZTYtOGY4OC0zNDM2M2JjN2M0YzAiOnsiY3JlYXRlIjozNjAwMDAwMDAwMDAwLCJkZWxldGUiOjM2MDAwMDAwMDAwMDAsInJlYWQiOjMwMDAwMDAwMDAwMCwidXBkYXRlIjozNjAwMDAwMDAwMDAwfX0=",
          "dependencies": [
            "azurerm_mssql_server.mssql_server",
            "azurerm_resource_group.rg",
            "azurerm_subnet.appsnet",
            "azurerm_virtual_network.vnet",
            "data.azurerm_resource_group.rg-raphd"
          ]
        }
      ]
    },
    {
      "mode": "managed",
      "type": "azurerm_resource_group",
      "name": "rg",
      "provider": "provider[\"registry.terraform.io/hashicorp/azurerm\"]",
      "instances": [
        {
          "schema_version": 0,
          "attributes": {
            "id": "/subscriptions/556b3479-49e0-4048-ace9-9b100efe5b6d/resourceGroups/rg1-myriamh",
            "location": "westeurope",
            "name": "rg1-myriamh",
            "tags": {},
            "timeouts": null
          },
          "sensitive_attributes": [],
          "private": "eyJlMmJmYjczMC1lY2FhLTExZTYtOGY4OC0zNDM2M2JjN2M0YzAiOnsiY3JlYXRlIjo1NDAwMDAwMDAwMDAwLCJkZWxldGUiOjU0MDAwMDAwMDAwMDAsInJlYWQiOjMwMDAwMDAwMDAwMCwidXBkYXRlIjo1NDAwMDAwMDAwMDAwfX0="
        }
      ]
    },
    {
      "mode": "managed",
      "type": "azurerm_role_assignment",
      "name": "permission",
      "provider": "provider[\"registry.terraform.io/hashicorp/azurerm\"]",
      "instances": [
        {
          "schema_version": 0,
          "attributes": {
            "condition": "",
            "condition_version": "",
            "delegated_managed_identity_resource_id": "",
            "description": "",
            "id": "/subscriptions/556b3479-49e0-4048-ace9-9b100efe5b6d/providers/Microsoft.Authorization/roleAssignments/cc6b1ba8-7796-1339-a19e-d63bc88ed631",
            "name": "cc6b1ba8-7796-1339-a19e-d63bc88ed631",
            "principal_id": "6ec3a7f1-e49b-4a34-ac49-522857c8b93d",
            "principal_type": "User",
            "role_definition_id": "/subscriptions/556b3479-49e0-4048-ace9-9b100efe5b6d/providers/Microsoft.Authorization/roleDefinitions/b24988ac-6180-42a0-ab88-20f7382dd24c",
            "role_definition_name": "Contributor",
            "scope": "/subscriptions/556b3479-49e0-4048-ace9-9b100efe5b6d",
            "skip_service_principal_aad_check": null,
            "timeouts": null
          },
          "sensitive_attributes": [],
          "private": "eyJlMmJmYjczMC1lY2FhLTExZTYtOGY4OC0zNDM2M2JjN2M0YzAiOnsiY3JlYXRlIjoxODAwMDAwMDAwMDAwLCJkZWxldGUiOjE4MDAwMDAwMDAwMDAsInJlYWQiOjMwMDAwMDAwMDAwMCwidXBkYXRlIjoxODAwMDAwMDAwMDAwfX0=",
          "dependencies": [
            "azuread_user.AAD",
            "data.azurerm_subscription.primary"
          ]
        }
      ]
    },
    {
      "mode": "managed",
      "type": "azurerm_storage_account",
      "name": "sa",
      "provider": "provider[\"registry.terraform.io/hashicorp/azurerm\"]",
      "instances": [
        {
          "schema_version": 2,
          "attributes": {
            "access_tier": "Hot",
            "account_kind": "StorageV2",
            "account_replication_type": "LRS",
            "account_tier": "Standard",
            "allow_blob_public_access": false,
            "azure_files_authentication": [],
            "blob_properties": [
              {
                "change_feed_enabled": false,
                "container_delete_retention_policy": [],
                "cors_rule": [],
                "default_service_version": "",
                "delete_retention_policy": [],
                "last_access_time_enabled": false,
                "versioning_enabled": false
              }
            ],
            "custom_domain": [],
            "enable_https_traffic_only": true,
            "id": "/subscriptions/556b3479-49e0-4048-ace9-9b100efe5b6d/resourceGroups/rg1-myriamh/providers/Microsoft.Storage/storageAccounts/storageaccountmyriamh",
            "identity": [],
            "is_hns_enabled": false,
            "large_file_share_enabled": null,
            "location": "westeurope",
            "min_tls_version": "TLS1_0",
            "name": "storageaccountmyriamh",
            "network_rules": [
              {
                "bypass": [
                  "AzureServices"
                ],
                "default_action": "Allow",
                "ip_rules": [],
                "private_link_access": [],
                "virtual_network_subnet_ids": []
              }
            ],
            "nfsv3_enabled": false,
            "primary_access_key": "R6tB90F4S/S6STMdJN75t4ZDJpN5dqrb6LkyO7UHMGwjTv3zvx3TDXZ7eEdSPm8ry+h1AKXmwW6wqeR9T2xl3w==",
            "primary_blob_connection_string": "DefaultEndpointsProtocol=https;BlobEndpoint=https://storageaccountmyriamh.blob.core.windows.net/;AccountName=storageaccountmyriamh;AccountKey=R6tB90F4S/S6STMdJN75t4ZDJpN5dqrb6LkyO7UHMGwjTv3zvx3TDXZ7eEdSPm8ry+h1AKXmwW6wqeR9T2xl3w==",
            "primary_blob_endpoint": "https://storageaccountmyriamh.blob.core.windows.net/",
            "primary_blob_host": "storageaccountmyriamh.blob.core.windows.net",
            "primary_connection_string": "DefaultEndpointsProtocol=https;AccountName=storageaccountmyriamh;AccountKey=R6tB90F4S/S6STMdJN75t4ZDJpN5dqrb6LkyO7UHMGwjTv3zvx3TDXZ7eEdSPm8ry+h1AKXmwW6wqeR9T2xl3w==;EndpointSuffix=core.windows.net",
            "primary_dfs_endpoint": "https://storageaccountmyriamh.dfs.core.windows.net/",
            "primary_dfs_host": "storageaccountmyriamh.dfs.core.windows.net",
            "primary_file_endpoint": "https://storageaccountmyriamh.file.core.windows.net/",
            "primary_file_host": "storageaccountmyriamh.file.core.windows.net",
            "primary_location": "westeurope",
            "primary_queue_endpoint": "https://storageaccountmyriamh.queue.core.windows.net/",
            "primary_queue_host": "storageaccountmyriamh.queue.core.windows.net",
            "primary_table_endpoint": "https://storageaccountmyriamh.table.core.windows.net/",
            "primary_table_host": "storageaccountmyriamh.table.core.windows.net",
            "primary_web_endpoint": "https://storageaccountmyriamh.z6.web.core.windows.net/",
            "primary_web_host": "storageaccountmyriamh.z6.web.core.windows.net",
            "queue_properties": [
              {
                "cors_rule": [],
                "hour_metrics": [
                  {
                    "enabled": true,
                    "include_apis": true,
                    "retention_policy_days": 7,
                    "version": "1.0"
                  }
                ],
                "logging": [
                  {
                    "delete": false,
                    "read": false,
                    "retention_policy_days": 0,
                    "version": "1.0",
                    "write": false
                  }
                ],
                "minute_metrics": [
                  {
                    "enabled": false,
                    "include_apis": false,
                    "retention_policy_days": 0,
                    "version": "1.0"
                  }
                ]
              }
            ],
            "resource_group_name": "rg1-myriamh",
            "routing": [],
            "secondary_access_key": "REbputNmd9l5dMWfpzKGguRRTC/gYxkIX3CVEZkL80eq7nEgCLgeVZxTNY9Rmnyt8hjpTFsIKgvFX5qqCL/1rg==",
            "secondary_blob_connection_string": "",
            "secondary_blob_endpoint": null,
            "secondary_blob_host": null,
            "secondary_connection_string": "DefaultEndpointsProtocol=https;AccountName=storageaccountmyriamh;AccountKey=REbputNmd9l5dMWfpzKGguRRTC/gYxkIX3CVEZkL80eq7nEgCLgeVZxTNY9Rmnyt8hjpTFsIKgvFX5qqCL/1rg==;EndpointSuffix=core.windows.net",
            "secondary_dfs_endpoint": null,
            "secondary_dfs_host": null,
            "secondary_file_endpoint": null,
            "secondary_file_host": null,
            "secondary_location": "",
            "secondary_queue_endpoint": null,
            "secondary_queue_host": null,
            "secondary_table_endpoint": null,
            "secondary_table_host": null,
            "secondary_web_endpoint": null,
            "secondary_web_host": null,
            "share_properties": [
              {
                "cors_rule": [],
                "retention_policy": [
                  {
                    "days": 7
                  }
                ],
                "smb": []
              }
            ],
            "static_website": [],
            "tags": {},
            "timeouts": null
          },
          "sensitive_attributes": [],
          "private": "eyJlMmJmYjczMC1lY2FhLTExZTYtOGY4OC0zNDM2M2JjN2M0YzAiOnsiY3JlYXRlIjozNjAwMDAwMDAwMDAwLCJkZWxldGUiOjM2MDAwMDAwMDAwMDAsInJlYWQiOjMwMDAwMDAwMDAwMCwidXBkYXRlIjozNjAwMDAwMDAwMDAwfSwic2NoZW1hX3ZlcnNpb24iOiIyIn0=",
          "dependencies": [
            "azurerm_resource_group.rg"
          ]
        }
      ]
    },
    {
      "mode": "managed",
      "type": "azurerm_storage_container",
      "name": "sc",
      "provider": "provider[\"registry.terraform.io/hashicorp/azurerm\"]",
      "instances": [
        {
          "schema_version": 1,
          "attributes": {
            "container_access_type": "private",
            "has_immutability_policy": false,
            "has_legal_hold": false,
            "id": "https://storageaccountmyriamh.blob.core.windows.net/sc1-myriamh",
            "metadata": {},
            "name": "sc1-myriamh",
            "resource_manager_id": "/subscriptions/556b3479-49e0-4048-ace9-9b100efe5b6d/resourceGroups/rg1-myriamh/providers/Microsoft.Storage/storageAccounts/storageaccountmyriamh/blobServices/default/containers/sc1-myriamh",
            "storage_account_name": "storageaccountmyriamh",
            "timeouts": null
          },
          "sensitive_attributes": [],
          "private": "eyJlMmJmYjczMC1lY2FhLTExZTYtOGY4OC0zNDM2M2JjN2M0YzAiOnsiY3JlYXRlIjoxODAwMDAwMDAwMDAwLCJkZWxldGUiOjE4MDAwMDAwMDAwMDAsInJlYWQiOjMwMDAwMDAwMDAwMCwidXBkYXRlIjoxODAwMDAwMDAwMDAwfSwic2NoZW1hX3ZlcnNpb24iOiIxIn0=",
          "dependencies": [
            "azurerm_resource_group.rg",
            "azurerm_storage_account.sa"
          ]
        }
      ]
    },
    {
      "mode": "managed",
      "type": "azurerm_subnet",
      "name": "appsnet",
      "provider": "provider[\"registry.terraform.io/hashicorp/azurerm\"]",
      "instances": [
        {
          "schema_version": 0,
          "attributes": {
            "address_prefix": "10.0.1.0/24",
            "address_prefixes": [
              "10.0.1.0/24"
            ],
            "delegation": [],
            "enforce_private_link_endpoint_network_policies": true,
            "enforce_private_link_service_network_policies": false,
            "id": "/subscriptions/556b3479-49e0-4048-ace9-9b100efe5b6d/resourceGroups/rg1-myriamh/providers/Microsoft.Network/virtualNetworks/myriamh-network/subnets/app01-snet",
            "name": "app01-snet",
            "resource_group_name": "rg1-myriamh",
            "service_endpoint_policy_ids": [],
            "service_endpoints": [
              "Microsoft.KeyVault"
            ],
            "timeouts": null,
            "virtual_network_name": "myriamh-network"
          },
          "sensitive_attributes": [],
          "private": "eyJlMmJmYjczMC1lY2FhLTExZTYtOGY4OC0zNDM2M2JjN2M0YzAiOnsiY3JlYXRlIjoxODAwMDAwMDAwMDAwLCJkZWxldGUiOjE4MDAwMDAwMDAwMDAsInJlYWQiOjMwMDAwMDAwMDAwMCwidXBkYXRlIjoxODAwMDAwMDAwMDAwfX0=",
          "dependencies": [
            "azurerm_resource_group.rg",
            "azurerm_virtual_network.vnet"
          ]
        }
      ]
    },
    {
      "mode": "managed",
      "type": "azurerm_subnet",
      "name": "devopssnet",
      "provider": "provider[\"registry.terraform.io/hashicorp/azurerm\"]",
      "instances": [
        {
          "schema_version": 0,
          "attributes": {
            "address_prefix": "10.0.2.0/24",
            "address_prefixes": [
              "10.0.2.0/24"
            ],
            "delegation": [],
            "enforce_private_link_endpoint_network_policies": true,
            "enforce_private_link_service_network_policies": false,
            "id": "/subscriptions/556b3479-49e0-4048-ace9-9b100efe5b6d/resourceGroups/rg1-myriamh/providers/Microsoft.Network/virtualNetworks/myriamh-network/subnets/defaultt",
            "name": "defaultt",
            "resource_group_name": "rg1-myriamh",
            "service_endpoint_policy_ids": [],
            "service_endpoints": [
              "Microsoft.KeyVault"
            ],
            "timeouts": null,
            "virtual_network_name": "myriamh-network"
          },
          "sensitive_attributes": [],
          "private": "eyJlMmJmYjczMC1lY2FhLTExZTYtOGY4OC0zNDM2M2JjN2M0YzAiOnsiY3JlYXRlIjoxODAwMDAwMDAwMDAwLCJkZWxldGUiOjE4MDAwMDAwMDAwMDAsInJlYWQiOjMwMDAwMDAwMDAwMCwidXBkYXRlIjoxODAwMDAwMDAwMDAwfX0=",
          "dependencies": [
            "azurerm_resource_group.rg",
            "azurerm_virtual_network.vnet"
          ]
        }
      ]
    },
    {
      "mode": "managed",
      "type": "azurerm_virtual_machine",
      "name": "test",
      "provider": "provider[\"registry.terraform.io/hashicorp/azurerm\"]",
      "instances": [
        {
          "schema_version": 0,
          "attributes": {
            "additional_capabilities": [],
            "availability_set_id": null,
            "boot_diagnostics": [],
            "delete_data_disks_on_termination": true,
            "delete_os_disk_on_termination": true,
            "id": "/subscriptions/556b3479-49e0-4048-ace9-9b100efe5b6d/resourceGroups/rg1-myriamh/providers/Microsoft.Compute/virtualMachines/Server01",
            "identity": [],
            "license_type": null,
            "location": "westeurope",
            "name": "Server01",
            "network_interface_ids": [
              "/subscriptions/556b3479-49e0-4048-ace9-9b100efe5b6d/resourceGroups/rg1-myriamh/providers/Microsoft.Network/networkInterfaces/ni-myriamh"
            ],
            "os_profile": [
              {
                "admin_password": "",
                "admin_username": "techpro",
                "computer_name": "Server01",
                "custom_data": ""
              }
            ],
            "os_profile_linux_config": [],
            "os_profile_secrets": [],
            "os_profile_windows_config": [
              {
                "additional_unattend_config": [],
                "enable_automatic_upgrades": false,
                "provision_vm_agent": false,
                "timezone": "",
                "winrm": []
              }
            ],
            "plan": [],
            "primary_network_interface_id": null,
            "proximity_placement_group_id": null,
            "resource_group_name": "rg1-myriamh",
            "storage_data_disk": [],
            "storage_image_reference": [
              {
                "id": "",
                "offer": "WindowsServer",
                "publisher": "MicrosoftWindowsServer",
                "sku": "2012-R2-Datacenter",
                "version": "latest"
              }
            ],
            "storage_os_disk": [
              {
                "caching": "ReadWrite",
                "create_option": "FromImage",
                "disk_size_gb": 127,
                "image_uri": "",
                "managed_disk_id": "/subscriptions/556b3479-49e0-4048-ace9-9b100efe5b6d/resourceGroups/rg1-myriamh/providers/Microsoft.Compute/disks/myosdisk1",
                "managed_disk_type": "Standard_LRS",
                "name": "myosdisk1",
                "os_type": "Windows",
                "vhd_uri": "",
                "write_accelerator_enabled": false
              }
            ],
            "tags": {},
            "timeouts": null,
            "vm_size": "Standard_B1ls",
            "zones": []
          },
          "sensitive_attributes": [],
          "private": "eyJlMmJmYjczMC1lY2FhLTExZTYtOGY4OC0zNDM2M2JjN2M0YzAiOnsiY3JlYXRlIjozNjAwMDAwMDAwMDAwLCJkZWxldGUiOjM2MDAwMDAwMDAwMDAsInJlYWQiOjMwMDAwMDAwMDAwMCwidXBkYXRlIjozNjAwMDAwMDAwMDAwfX0=",
          "dependencies": [
            "azurerm_network_interface.main",
            "azurerm_resource_group.rg",
            "azurerm_subnet.appsnet",
            "azurerm_virtual_network.vnet"
          ]
        }
      ]
    },
    {
      "mode": "managed",
      "type": "azurerm_virtual_network",
      "name": "vnet",
      "provider": "provider[\"registry.terraform.io/hashicorp/azurerm\"]",
      "instances": [
        {
          "schema_version": 0,
          "attributes": {
            "address_space": [
              "10.0.0.0/16"
            ],
            "bgp_community": "",
            "ddos_protection_plan": [],
            "dns_servers": [
              "10.0.0.4",
              "10.0.0.5"
            ],
            "guid": "9b835ae4-b8a1-435c-88d9-d32dd4b3c01d",
            "id": "/subscriptions/556b3479-49e0-4048-ace9-9b100efe5b6d/resourceGroups/rg1-myriamh/providers/Microsoft.Network/virtualNetworks/myriamh-network",
            "location": "westeurope",
            "name": "myriamh-network",
            "resource_group_name": "rg1-myriamh",
            "subnet": [
              {
                "address_prefix": "10.0.1.0/24",
                "id": "/subscriptions/556b3479-49e0-4048-ace9-9b100efe5b6d/resourceGroups/rg1-myriamh/providers/Microsoft.Network/virtualNetworks/myriamh-network/subnets/app01-snet",
                "name": "app01-snet",
                "security_group": ""
              },
              {
                "address_prefix": "10.0.2.0/24",
                "id": "/subscriptions/556b3479-49e0-4048-ace9-9b100efe5b6d/resourceGroups/rg1-myriamh/providers/Microsoft.Network/virtualNetworks/myriamh-network/subnets/defaultt",
                "name": "defaultt",
                "security_group": ""
              }
            ],
            "tags": {
              "environment": "dev"
            },
            "timeouts": null,
            "vm_protection_enabled": false
          },
          "sensitive_attributes": [],
          "private": "eyJlMmJmYjczMC1lY2FhLTExZTYtOGY4OC0zNDM2M2JjN2M0YzAiOnsiY3JlYXRlIjoxODAwMDAwMDAwMDAwLCJkZWxldGUiOjE4MDAwMDAwMDAwMDAsInJlYWQiOjMwMDAwMDAwMDAwMCwidXBkYXRlIjoxODAwMDAwMDAwMDAwfX0=",
          "dependencies": [
            "azurerm_resource_group.rg"
          ]
        }
      ]
    }
  ]
}
